// !$*UTF8*$!
{
	archiveVersion = 1;
	classes = {
	};
	objectVersion = 46;
	objects = {

/* Begin PBXBuildFile section */
		0460666D99629025F9C4508B /* Pods_Chino.framework in Frameworks */ = {isa = PBXBuildFile; fileRef = B8B377E03681E1B0933B31BD /* Pods_Chino.framework */; };
		0F27D11F1E9017560010D43A /* GoogleService-Info.plist in Resources */ = {isa = PBXBuildFile; fileRef = 0F27D11E1E9017560010D43A /* GoogleService-Info.plist */; };
		0F297A0A1E91EDC800389586 /* usaMap.jpg in Resources */ = {isa = PBXBuildFile; fileRef = 0F297A081E91EDC800389586 /* usaMap.jpg */; };
		0F297A111E91FFD600389586 /* orientation.html in Resources */ = {isa = PBXBuildFile; fileRef = 0F297A101E91FFD600389586 /* orientation.html */; };
		0F2A3BD71E9095D600230EA0 /* GoogleSignInViewController.swift in Sources */ = {isa = PBXBuildFile; fileRef = 0F2A3BD61E9095D600230EA0 /* GoogleSignInViewController.swift */; };
		0F2A3BDB1E90E7D000230EA0 /* UploaderViewController.swift in Sources */ = {isa = PBXBuildFile; fileRef = 0F2A3BDA1E90E7D000230EA0 /* UploaderViewController.swift */; };
		0F2A3BDD1E90EFDD00230EA0 /* PinyinTool.swift in Sources */ = {isa = PBXBuildFile; fileRef = 0F2A3BDC1E90EFDD00230EA0 /* PinyinTool.swift */; };
		0F2A3BE11E91355600230EA0 /* ChinoHanziModel.swift in Sources */ = {isa = PBXBuildFile; fileRef = 0F2A3BE01E91355600230EA0 /* ChinoHanziModel.swift */; };
		0F2B4CF71E9177B4002913B4 /* mostUsed1000.txt in Resources */ = {isa = PBXBuildFile; fileRef = 0F2B4CF61E9177B4002913B4 /* mostUsed1000.txt */; };
		0F2B4CFB1E918A25002913B4 /* ChinoWebViewController.swift in Sources */ = {isa = PBXBuildFile; fileRef = 0F2B4CFA1E918A25002913B4 /* ChinoWebViewController.swift */; };
		0F50C0691E8C169F00E3C802 /* ChinoCell.swift in Sources */ = {isa = PBXBuildFile; fileRef = 0F50C0681E8C169F00E3C802 /* ChinoCell.swift */; };
		0F50C06B1E8C17E100E3C802 /* ChinoModel.swift in Sources */ = {isa = PBXBuildFile; fileRef = 0F50C06A1E8C17E100E3C802 /* ChinoModel.swift */; };
		0F50C06E1E8C22BA00E3C802 /* hanzi500.csv in Resources */ = {isa = PBXBuildFile; fileRef = 0F50C06D1E8C22BA00E3C802 /* hanzi500.csv */; };
		0F54032E1E8D764A00A39879 /* RegisterViewController.swift in Sources */ = {isa = PBXBuildFile; fileRef = 0F54032D1E8D764A00A39879 /* RegisterViewController.swift */; };
		0F869D421E8C348E0080F95B /* HanziCell.swift in Sources */ = {isa = PBXBuildFile; fileRef = 0F869D411E8C348E0080F95B /* HanziCell.swift */; };
		0FBFE98F1E8C2B20007CDF6A /* HanziModel.swift in Sources */ = {isa = PBXBuildFile; fileRef = 0FBFE98E1E8C2B20007CDF6A /* HanziModel.swift */; };
		4215D93969476F415C8A9F4E /* Pods_ChinoUITests.framework in Frameworks */ = {isa = PBXBuildFile; fileRef = 33FDBA37963C282AB35646C7 /* Pods_ChinoUITests.framework */; };
		710127E51E881A1D00FCAE04 /* UIColor+Chino.swift in Sources */ = {isa = PBXBuildFile; fileRef = 710127E41E881A1D00FCAE04 /* UIColor+Chino.swift */; };
		71236C0C1E880DC400881400 /* Chino.storyboard in Resources */ = {isa = PBXBuildFile; fileRef = 71236C0A1E880DC400881400 /* Chino.storyboard */; };
		71236C0E1E880DDE00881400 /* Wiki.storyboard in Resources */ = {isa = PBXBuildFile; fileRef = 71236C0D1E880DDE00881400 /* Wiki.storyboard */; };
		71543B031E88004A00F86550 /* Reporter.swift in Sources */ = {isa = PBXBuildFile; fileRef = 71543B021E88004A00F86550 /* Reporter.swift */; };
		71CD58411E87FC7400C852B2 /* AppDelegate.swift in Sources */ = {isa = PBXBuildFile; fileRef = 71CD58401E87FC7400C852B2 /* AppDelegate.swift */; };
		71CD58431E87FC7400C852B2 /* ChinoViewController.swift in Sources */ = {isa = PBXBuildFile; fileRef = 71CD58421E87FC7400C852B2 /* ChinoViewController.swift */; };
		71CD58451E87FC7400C852B2 /* WikiViewController.swift in Sources */ = {isa = PBXBuildFile; fileRef = 71CD58441E87FC7400C852B2 /* WikiViewController.swift */; };
		71CD58481E87FC7400C852B2 /* Main.storyboard in Resources */ = {isa = PBXBuildFile; fileRef = 71CD58461E87FC7400C852B2 /* Main.storyboard */; };
		71CD584A1E87FC7400C852B2 /* Assets.xcassets in Resources */ = {isa = PBXBuildFile; fileRef = 71CD58491E87FC7400C852B2 /* Assets.xcassets */; };
		71CD584D1E87FC7400C852B2 /* LaunchScreen.storyboard in Resources */ = {isa = PBXBuildFile; fileRef = 71CD584B1E87FC7400C852B2 /* LaunchScreen.storyboard */; };
		71CD58581E87FC7500C852B2 /* ChinoTests.swift in Sources */ = {isa = PBXBuildFile; fileRef = 71CD58571E87FC7500C852B2 /* ChinoTests.swift */; };
		71CD58631E87FC7500C852B2 /* ChinoUITests.swift in Sources */ = {isa = PBXBuildFile; fileRef = 71CD58621E87FC7500C852B2 /* ChinoUITests.swift */; };
		A4830DC5E33AF21B43229579 /* Pods_ChinoTests.framework in Frameworks */ = {isa = PBXBuildFile; fileRef = FF58B0EFBCB0E9583CBB304D /* Pods_ChinoTests.framework */; };
/* End PBXBuildFile section */

/* Begin PBXContainerItemProxy section */
		71CD58541E87FC7500C852B2 /* PBXContainerItemProxy */ = {
			isa = PBXContainerItemProxy;
			containerPortal = 71CD58351E87FC7400C852B2 /* Project object */;
			proxyType = 1;
			remoteGlobalIDString = 71CD583C1E87FC7400C852B2;
			remoteInfo = Chino;
		};
		71CD585F1E87FC7500C852B2 /* PBXContainerItemProxy */ = {
			isa = PBXContainerItemProxy;
			containerPortal = 71CD58351E87FC7400C852B2 /* Project object */;
			proxyType = 1;
			remoteGlobalIDString = 71CD583C1E87FC7400C852B2;
			remoteInfo = Chino;
		};
/* End PBXContainerItemProxy section */

/* Begin PBXFileReference section */
		0F1DDC351E9037FA00AFBF87 /* Chino-Bridging-Header.h */ = {isa = PBXFileReference; lastKnownFileType = sourcecode.c.h; path = "Chino-Bridging-Header.h"; sourceTree = "<group>"; };
		0F27D11E1E9017560010D43A /* GoogleService-Info.plist */ = {isa = PBXFileReference; fileEncoding = 4; lastKnownFileType = text.plist.xml; path = "GoogleService-Info.plist"; sourceTree = "<group>"; };
		0F297A081E91EDC800389586 /* usaMap.jpg */ = {isa = PBXFileReference; lastKnownFileType = image.jpeg; path = usaMap.jpg; sourceTree = "<group>"; };
		0F297A101E91FFD600389586 /* orientation.html */ = {isa = PBXFileReference; fileEncoding = 4; lastKnownFileType = text.html; path = orientation.html; sourceTree = "<group>"; };
		0F2A3BD61E9095D600230EA0 /* GoogleSignInViewController.swift */ = {isa = PBXFileReference; fileEncoding = 4; lastKnownFileType = sourcecode.swift; path = GoogleSignInViewController.swift; sourceTree = "<group>"; };
		0F2A3BD81E90A07A00230EA0 /* Chino.entitlements */ = {isa = PBXFileReference; lastKnownFileType = text.plist.entitlements; path = Chino.entitlements; sourceTree = "<group>"; };
		0F2A3BDA1E90E7D000230EA0 /* UploaderViewController.swift */ = {isa = PBXFileReference; fileEncoding = 4; lastKnownFileType = sourcecode.swift; path = UploaderViewController.swift; sourceTree = "<group>"; };
		0F2A3BDC1E90EFDD00230EA0 /* PinyinTool.swift */ = {isa = PBXFileReference; fileEncoding = 4; lastKnownFileType = sourcecode.swift; path = PinyinTool.swift; sourceTree = "<group>"; };
		0F2A3BE01E91355600230EA0 /* ChinoHanziModel.swift */ = {isa = PBXFileReference; fileEncoding = 4; lastKnownFileType = sourcecode.swift; path = ChinoHanziModel.swift; sourceTree = "<group>"; };
		0F2B4CF61E9177B4002913B4 /* mostUsed1000.txt */ = {isa = PBXFileReference; fileEncoding = 4; lastKnownFileType = text; path = mostUsed1000.txt; sourceTree = "<group>"; };
		0F2B4CFA1E918A25002913B4 /* ChinoWebViewController.swift */ = {isa = PBXFileReference; fileEncoding = 4; lastKnownFileType = sourcecode.swift; path = ChinoWebViewController.swift; sourceTree = "<group>"; };
		0F50C0681E8C169F00E3C802 /* ChinoCell.swift */ = {isa = PBXFileReference; fileEncoding = 4; lastKnownFileType = sourcecode.swift; path = ChinoCell.swift; sourceTree = "<group>"; };
		0F50C06A1E8C17E100E3C802 /* ChinoModel.swift */ = {isa = PBXFileReference; fileEncoding = 4; lastKnownFileType = sourcecode.swift; path = ChinoModel.swift; sourceTree = "<group>"; };
		0F50C06D1E8C22BA00E3C802 /* hanzi500.csv */ = {isa = PBXFileReference; fileEncoding = 4; lastKnownFileType = text; path = hanzi500.csv; sourceTree = "<group>"; };
		0F54032D1E8D764A00A39879 /* RegisterViewController.swift */ = {isa = PBXFileReference; fileEncoding = 4; lastKnownFileType = sourcecode.swift; path = RegisterViewController.swift; sourceTree = "<group>"; };
		0F869D411E8C348E0080F95B /* HanziCell.swift */ = {isa = PBXFileReference; fileEncoding = 4; lastKnownFileType = sourcecode.swift; path = HanziCell.swift; sourceTree = "<group>"; };
		0FBFE98E1E8C2B20007CDF6A /* HanziModel.swift */ = {isa = PBXFileReference; fileEncoding = 4; lastKnownFileType = sourcecode.swift; path = HanziModel.swift; sourceTree = "<group>"; };
		33FDBA37963C282AB35646C7 /* Pods_ChinoUITests.framework */ = {isa = PBXFileReference; explicitFileType = wrapper.framework; includeInIndex = 0; path = Pods_ChinoUITests.framework; sourceTree = BUILT_PRODUCTS_DIR; };
		710127E41E881A1D00FCAE04 /* UIColor+Chino.swift */ = {isa = PBXFileReference; fileEncoding = 4; lastKnownFileType = sourcecode.swift; path = "UIColor+Chino.swift"; sourceTree = "<group>"; };
		71236C0B1E880DC400881400 /* Base */ = {isa = PBXFileReference; lastKnownFileType = file.storyboard; name = Base; path = Base.lproj/Chino.storyboard; sourceTree = "<group>"; };
		71236C0D1E880DDE00881400 /* Wiki.storyboard */ = {isa = PBXFileReference; fileEncoding = 4; lastKnownFileType = file.storyboard; path = Wiki.storyboard; sourceTree = "<group>"; };
		71543B021E88004A00F86550 /* Reporter.swift */ = {isa = PBXFileReference; fileEncoding = 4; lastKnownFileType = sourcecode.swift; name = Reporter.swift; path = Utilities/Reporter.swift; sourceTree = "<group>"; };
		71CD583D1E87FC7400C852B2 /* Chino.app */ = {isa = PBXFileReference; explicitFileType = wrapper.application; includeInIndex = 0; path = Chino.app; sourceTree = BUILT_PRODUCTS_DIR; };
		71CD58401E87FC7400C852B2 /* AppDelegate.swift */ = {isa = PBXFileReference; lastKnownFileType = sourcecode.swift; path = AppDelegate.swift; sourceTree = "<group>"; };
		71CD58421E87FC7400C852B2 /* ChinoViewController.swift */ = {isa = PBXFileReference; lastKnownFileType = sourcecode.swift; path = ChinoViewController.swift; sourceTree = "<group>"; };
		71CD58441E87FC7400C852B2 /* WikiViewController.swift */ = {isa = PBXFileReference; lastKnownFileType = sourcecode.swift; name = WikiViewController.swift; path = Chino/WikiViewController.swift; sourceTree = "<group>"; };
		71CD58471E87FC7400C852B2 /* Base */ = {isa = PBXFileReference; lastKnownFileType = file.storyboard; name = Base; path = Base.lproj/Main.storyboard; sourceTree = "<group>"; };
		71CD58491E87FC7400C852B2 /* Assets.xcassets */ = {isa = PBXFileReference; lastKnownFileType = folder.assetcatalog; name = Assets.xcassets; path = Chino/Assets.xcassets; sourceTree = "<group>"; };
		71CD584C1E87FC7400C852B2 /* Base */ = {isa = PBXFileReference; lastKnownFileType = file.storyboard; name = Base; path = Base.lproj/LaunchScreen.storyboard; sourceTree = "<group>"; };
		71CD584E1E87FC7400C852B2 /* Info.plist */ = {isa = PBXFileReference; lastKnownFileType = text.plist.xml; path = Info.plist; sourceTree = "<group>"; };
		71CD58531E87FC7500C852B2 /* ChinoTests.xctest */ = {isa = PBXFileReference; explicitFileType = wrapper.cfbundle; includeInIndex = 0; path = ChinoTests.xctest; sourceTree = BUILT_PRODUCTS_DIR; };
		71CD58571E87FC7500C852B2 /* ChinoTests.swift */ = {isa = PBXFileReference; lastKnownFileType = sourcecode.swift; path = ChinoTests.swift; sourceTree = "<group>"; };
		71CD58591E87FC7500C852B2 /* Info.plist */ = {isa = PBXFileReference; lastKnownFileType = text.plist.xml; path = Info.plist; sourceTree = "<group>"; };
		71CD585E1E87FC7500C852B2 /* ChinoUITests.xctest */ = {isa = PBXFileReference; explicitFileType = wrapper.cfbundle; includeInIndex = 0; path = ChinoUITests.xctest; sourceTree = BUILT_PRODUCTS_DIR; };
		71CD58621E87FC7500C852B2 /* ChinoUITests.swift */ = {isa = PBXFileReference; lastKnownFileType = sourcecode.swift; path = ChinoUITests.swift; sourceTree = "<group>"; };
		71CD58641E87FC7500C852B2 /* Info.plist */ = {isa = PBXFileReference; lastKnownFileType = text.plist.xml; path = Info.plist; sourceTree = "<group>"; };
		974E2DBA0DFEC215F7DC9837 /* Pods-ChinoTests.release.xcconfig */ = {isa = PBXFileReference; includeInIndex = 1; lastKnownFileType = text.xcconfig; name = "Pods-ChinoTests.release.xcconfig"; path = "Pods/Target Support Files/Pods-ChinoTests/Pods-ChinoTests.release.xcconfig"; sourceTree = "<group>"; };
		A1F3A9CE66CC8737A7731847 /* Pods-Chino.debug.xcconfig */ = {isa = PBXFileReference; includeInIndex = 1; lastKnownFileType = text.xcconfig; name = "Pods-Chino.debug.xcconfig"; path = "Pods/Target Support Files/Pods-Chino/Pods-Chino.debug.xcconfig"; sourceTree = "<group>"; };
		A66F318EB262018F50C76E99 /* Pods-ChinoTests.debug.xcconfig */ = {isa = PBXFileReference; includeInIndex = 1; lastKnownFileType = text.xcconfig; name = "Pods-ChinoTests.debug.xcconfig"; path = "Pods/Target Support Files/Pods-ChinoTests/Pods-ChinoTests.debug.xcconfig"; sourceTree = "<group>"; };
		B8B377E03681E1B0933B31BD /* Pods_Chino.framework */ = {isa = PBXFileReference; explicitFileType = wrapper.framework; includeInIndex = 0; path = Pods_Chino.framework; sourceTree = BUILT_PRODUCTS_DIR; };
		DCAF5D931FA099F98E780E2B /* Pods-ChinoUITests.release.xcconfig */ = {isa = PBXFileReference; includeInIndex = 1; lastKnownFileType = text.xcconfig; name = "Pods-ChinoUITests.release.xcconfig"; path = "Pods/Target Support Files/Pods-ChinoUITests/Pods-ChinoUITests.release.xcconfig"; sourceTree = "<group>"; };
		DEB04CF356A4F55D43BBBE58 /* Pods-Chino.release.xcconfig */ = {isa = PBXFileReference; includeInIndex = 1; lastKnownFileType = text.xcconfig; name = "Pods-Chino.release.xcconfig"; path = "Pods/Target Support Files/Pods-Chino/Pods-Chino.release.xcconfig"; sourceTree = "<group>"; };
		FAF492A3D8F8562E68FF3D91 /* Pods-ChinoUITests.debug.xcconfig */ = {isa = PBXFileReference; includeInIndex = 1; lastKnownFileType = text.xcconfig; name = "Pods-ChinoUITests.debug.xcconfig"; path = "Pods/Target Support Files/Pods-ChinoUITests/Pods-ChinoUITests.debug.xcconfig"; sourceTree = "<group>"; };
		FF58B0EFBCB0E9583CBB304D /* Pods_ChinoTests.framework */ = {isa = PBXFileReference; explicitFileType = wrapper.framework; includeInIndex = 0; path = Pods_ChinoTests.framework; sourceTree = BUILT_PRODUCTS_DIR; };
/* End PBXFileReference section */

/* Begin PBXFrameworksBuildPhase section */
		71CD583A1E87FC7400C852B2 /* Frameworks */ = {
			isa = PBXFrameworksBuildPhase;
			buildActionMask = 2147483647;
			files = (
				0460666D99629025F9C4508B /* Pods_Chino.framework in Frameworks */,
			);
			runOnlyForDeploymentPostprocessing = 0;
		};
		71CD58501E87FC7500C852B2 /* Frameworks */ = {
			isa = PBXFrameworksBuildPhase;
			buildActionMask = 2147483647;
			files = (
				A4830DC5E33AF21B43229579 /* Pods_ChinoTests.framework in Frameworks */,
			);
			runOnlyForDeploymentPostprocessing = 0;
		};
		71CD585B1E87FC7500C852B2 /* Frameworks */ = {
			isa = PBXFrameworksBuildPhase;
			buildActionMask = 2147483647;
			files = (
				4215D93969476F415C8A9F4E /* Pods_ChinoUITests.framework in Frameworks */,
			);
			runOnlyForDeploymentPostprocessing = 0;
		};
/* End PBXFrameworksBuildPhase section */

/* Begin PBXGroup section */
		0F297A0B1E91EDDF00389586 /* htmls */ = {
			isa = PBXGroup;
			children = (
				0F297A101E91FFD600389586 /* orientation.html */,
				0F297A081E91EDC800389586 /* usaMap.jpg */,
			);
			name = htmls;
			sourceTree = "<group>";
		};
		0F2A3BD91E90E40800230EA0 /* Utilities */ = {
			isa = PBXGroup;
			children = (
				710127E41E881A1D00FCAE04 /* UIColor+Chino.swift */,
				0F2A3BDC1E90EFDD00230EA0 /* PinyinTool.swift */,
				71543B021E88004A00F86550 /* Reporter.swift */,
			);
			name = Utilities;
			sourceTree = "<group>";
		};
		0F2A3BE21E91611C00230EA0 /* Storyboards */ = {
			isa = PBXGroup;
			children = (
				71CD58461E87FC7400C852B2 /* Main.storyboard */,
				71236C0D1E880DDE00881400 /* Wiki.storyboard */,
				71236C0A1E880DC400881400 /* Chino.storyboard */,
				71CD584B1E87FC7400C852B2 /* LaunchScreen.storyboard */,
			);
			name = Storyboards;
			sourceTree = "<group>";
		};
		0F50C0671E8C167200E3C802 /* Chino */ = {
			isa = PBXGroup;
			children = (
				0F2A3BE01E91355600230EA0 /* ChinoHanziModel.swift */,
				71CD58421E87FC7400C852B2 /* ChinoViewController.swift */,
				0F50C0681E8C169F00E3C802 /* ChinoCell.swift */,
				0F50C06A1E8C17E100E3C802 /* ChinoModel.swift */,
				0F2A3BDA1E90E7D000230EA0 /* UploaderViewController.swift */,
			);
			name = Chino;
			sourceTree = "<group>";
		};
		0F50C06C1E8C22AB00E3C802 /* database */ = {
			isa = PBXGroup;
			children = (
				0F50C06D1E8C22BA00E3C802 /* hanzi500.csv */,
				0F2B4CF61E9177B4002913B4 /* mostUsed1000.txt */,
				0F297A0B1E91EDDF00389586 /* htmls */,
			);
			name = database;
			sourceTree = "<group>";
		};
		0FBFE98D1E8C2B00007CDF6A /* Wiki */ = {
			isa = PBXGroup;
			children = (
				0FBFE98E1E8C2B20007CDF6A /* HanziModel.swift */,
				71CD58441E87FC7400C852B2 /* WikiViewController.swift */,
				0F869D411E8C348E0080F95B /* HanziCell.swift */,
				0F2A3BD61E9095D600230EA0 /* GoogleSignInViewController.swift */,
				0F2B4CFA1E918A25002913B4 /* ChinoWebViewController.swift */,
			);
			name = Wiki;
			path = ..;
			sourceTree = "<group>";
		};
		3D5D841841FC7C222898A853 /* Pods */ = {
			isa = PBXGroup;
			children = (
				A1F3A9CE66CC8737A7731847 /* Pods-Chino.debug.xcconfig */,
				DEB04CF356A4F55D43BBBE58 /* Pods-Chino.release.xcconfig */,
				A66F318EB262018F50C76E99 /* Pods-ChinoTests.debug.xcconfig */,
				974E2DBA0DFEC215F7DC9837 /* Pods-ChinoTests.release.xcconfig */,
				FAF492A3D8F8562E68FF3D91 /* Pods-ChinoUITests.debug.xcconfig */,
				DCAF5D931FA099F98E780E2B /* Pods-ChinoUITests.release.xcconfig */,
			);
			name = Pods;
			sourceTree = "<group>";
		};
		51EFDAE11FE8AF533E2486CF /* Frameworks */ = {
			isa = PBXGroup;
			children = (
				B8B377E03681E1B0933B31BD /* Pods_Chino.framework */,
				FF58B0EFBCB0E9583CBB304D /* Pods_ChinoTests.framework */,
				33FDBA37963C282AB35646C7 /* Pods_ChinoUITests.framework */,
			);
			name = Frameworks;
			sourceTree = "<group>";
		};
		71CD58341E87FC7400C852B2 = {
			isa = PBXGroup;
			children = (
				71CD58491E87FC7400C852B2 /* Assets.xcassets */,
				0F50C06C1E8C22AB00E3C802 /* database */,
				71CD583F1E87FC7400C852B2 /* Chino */,
				71CD58561E87FC7500C852B2 /* ChinoTests */,
				71CD58611E87FC7500C852B2 /* ChinoUITests */,
				71CD583E1E87FC7400C852B2 /* Products */,
				3D5D841841FC7C222898A853 /* Pods */,
				51EFDAE11FE8AF533E2486CF /* Frameworks */,
			);
			sourceTree = "<group>";
		};
		71CD583E1E87FC7400C852B2 /* Products */ = {
			isa = PBXGroup;
			children = (
				71CD583D1E87FC7400C852B2 /* Chino.app */,
				71CD58531E87FC7500C852B2 /* ChinoTests.xctest */,
				71CD585E1E87FC7500C852B2 /* ChinoUITests.xctest */,
			);
			name = Products;
			sourceTree = "<group>";
		};
		71CD583F1E87FC7400C852B2 /* Chino */ = {
			isa = PBXGroup;
			children = (
				0F2A3BD81E90A07A00230EA0 /* Chino.entitlements */,
				71CD58401E87FC7400C852B2 /* AppDelegate.swift */,
				0FBFE98D1E8C2B00007CDF6A /* Wiki */,
				0F50C0671E8C167200E3C802 /* Chino */,
				0F54032D1E8D764A00A39879 /* RegisterViewController.swift */,
				0F2A3BE21E91611C00230EA0 /* Storyboards */,
				0F2A3BD91E90E40800230EA0 /* Utilities */,
				71CD584E1E87FC7400C852B2 /* Info.plist */,
				0F27D11E1E9017560010D43A /* GoogleService-Info.plist */,
				0F1DDC351E9037FA00AFBF87 /* Chino-Bridging-Header.h */,
			);
			path = Chino;
			sourceTree = "<group>";
		};
		71CD58561E87FC7500C852B2 /* ChinoTests */ = {
			isa = PBXGroup;
			children = (
				71CD58571E87FC7500C852B2 /* ChinoTests.swift */,
				71CD58591E87FC7500C852B2 /* Info.plist */,
			);
			path = ChinoTests;
			sourceTree = "<group>";
		};
		71CD58611E87FC7500C852B2 /* ChinoUITests */ = {
			isa = PBXGroup;
			children = (
				71CD58621E87FC7500C852B2 /* ChinoUITests.swift */,
				71CD58641E87FC7500C852B2 /* Info.plist */,
			);
			path = ChinoUITests;
			sourceTree = "<group>";
		};
/* End PBXGroup section */

/* Begin PBXNativeTarget section */
		71CD583C1E87FC7400C852B2 /* Chino */ = {
			isa = PBXNativeTarget;
			buildConfigurationList = 71CD58671E87FC7500C852B2 /* Build configuration list for PBXNativeTarget "Chino" */;
			buildPhases = (
				3681B486A259678AE4C7A795 /* [CP] Check Pods Manifest.lock */,
				71CD58391E87FC7400C852B2 /* Sources */,
				71CD583A1E87FC7400C852B2 /* Frameworks */,
				71CD583B1E87FC7400C852B2 /* Resources */,
				395A2F9A4284BB646DF3EF12 /* [CP] Embed Pods Frameworks */,
				4857700F7DFFC666498AE5A1 /* [CP] Copy Pods Resources */,
			);
			buildRules = (
			);
			dependencies = (
			);
			name = Chino;
			productName = Chino;
			productReference = 71CD583D1E87FC7400C852B2 /* Chino.app */;
			productType = "com.apple.product-type.application";
		};
		71CD58521E87FC7500C852B2 /* ChinoTests */ = {
			isa = PBXNativeTarget;
			buildConfigurationList = 71CD586A1E87FC7500C852B2 /* Build configuration list for PBXNativeTarget "ChinoTests" */;
			buildPhases = (
				FD7B0A1B4BF0A41BF621D2EF /* [CP] Check Pods Manifest.lock */,
				71CD584F1E87FC7500C852B2 /* Sources */,
				71CD58501E87FC7500C852B2 /* Frameworks */,
				71CD58511E87FC7500C852B2 /* Resources */,
				1540A2DFB20CB6D37564329E /* [CP] Embed Pods Frameworks */,
				691C74158A08443DD0EBFE4C /* [CP] Copy Pods Resources */,
			);
			buildRules = (
			);
			dependencies = (
				71CD58551E87FC7500C852B2 /* PBXTargetDependency */,
			);
			name = ChinoTests;
			productName = ChinoTests;
			productReference = 71CD58531E87FC7500C852B2 /* ChinoTests.xctest */;
			productType = "com.apple.product-type.bundle.unit-test";
		};
		71CD585D1E87FC7500C852B2 /* ChinoUITests */ = {
			isa = PBXNativeTarget;
			buildConfigurationList = 71CD586D1E87FC7500C852B2 /* Build configuration list for PBXNativeTarget "ChinoUITests" */;
			buildPhases = (
				94F6C3B561EE2090D0C0E572 /* [CP] Check Pods Manifest.lock */,
				71CD585A1E87FC7500C852B2 /* Sources */,
				71CD585B1E87FC7500C852B2 /* Frameworks */,
				71CD585C1E87FC7500C852B2 /* Resources */,
				69238048344A8FB85A4C9CFD /* [CP] Embed Pods Frameworks */,
				F7B97CD667170E97A5654C7A /* [CP] Copy Pods Resources */,
			);
			buildRules = (
			);
			dependencies = (
				71CD58601E87FC7500C852B2 /* PBXTargetDependency */,
			);
			name = ChinoUITests;
			productName = ChinoUITests;
			productReference = 71CD585E1E87FC7500C852B2 /* ChinoUITests.xctest */;
			productType = "com.apple.product-type.bundle.ui-testing";
		};
/* End PBXNativeTarget section */

/* Begin PBXProject section */
		71CD58351E87FC7400C852B2 /* Project object */ = {
			isa = PBXProject;
			attributes = {
				LastSwiftUpdateCheck = 0820;
				LastUpgradeCheck = 0820;
				ORGANIZATIONNAME = shiyangyang;
				TargetAttributes = {
					71CD583C1E87FC7400C852B2 = {
						CreatedOnToolsVersion = 8.2.1;
						DevelopmentTeam = WNMEW7S4EG;
						LastSwiftMigration = 0830;
						ProvisioningStyle = Automatic;
						SystemCapabilities = {
							com.apple.Keychain = {
								enabled = 1;
							};
						};
					};
					71CD58521E87FC7500C852B2 = {
						CreatedOnToolsVersion = 8.2.1;
						DevelopmentTeam = WNMEW7S4EG;
						ProvisioningStyle = Automatic;
						TestTargetID = 71CD583C1E87FC7400C852B2;
					};
					71CD585D1E87FC7500C852B2 = {
						CreatedOnToolsVersion = 8.2.1;
						DevelopmentTeam = WNMEW7S4EG;
						ProvisioningStyle = Automatic;
						TestTargetID = 71CD583C1E87FC7400C852B2;
					};
				};
			};
			buildConfigurationList = 71CD58381E87FC7400C852B2 /* Build configuration list for PBXProject "Chino" */;
			compatibilityVersion = "Xcode 3.2";
			developmentRegion = English;
			hasScannedForEncodings = 0;
			knownRegions = (
				en,
				Base,
			);
			mainGroup = 71CD58341E87FC7400C852B2;
			productRefGroup = 71CD583E1E87FC7400C852B2 /* Products */;
			projectDirPath = "";
			projectRoot = "";
			targets = (
				71CD583C1E87FC7400C852B2 /* Chino */,
				71CD58521E87FC7500C852B2 /* ChinoTests */,
				71CD585D1E87FC7500C852B2 /* ChinoUITests */,
			);
		};
/* End PBXProject section */

/* Begin PBXResourcesBuildPhase section */
		71CD583B1E87FC7400C852B2 /* Resources */ = {
			isa = PBXResourcesBuildPhase;
			buildActionMask = 2147483647;
			files = (
				0F297A0A1E91EDC800389586 /* usaMap.jpg in Resources */,
				71236C0C1E880DC400881400 /* Chino.storyboard in Resources */,
				0F50C06E1E8C22BA00E3C802 /* hanzi500.csv in Resources */,
				0F297A111E91FFD600389586 /* orientation.html in Resources */,
				71CD584D1E87FC7400C852B2 /* LaunchScreen.storyboard in Resources */,
				0F2B4CF71E9177B4002913B4 /* mostUsed1000.txt in Resources */,
				71236C0E1E880DDE00881400 /* Wiki.storyboard in Resources */,
				71CD584A1E87FC7400C852B2 /* Assets.xcassets in Resources */,
				71CD58481E87FC7400C852B2 /* Main.storyboard in Resources */,
				0F27D11F1E9017560010D43A /* GoogleService-Info.plist in Resources */,
			);
			runOnlyForDeploymentPostprocessing = 0;
		};
		71CD58511E87FC7500C852B2 /* Resources */ = {
			isa = PBXResourcesBuildPhase;
			buildActionMask = 2147483647;
			files = (
			);
			runOnlyForDeploymentPostprocessing = 0;
		};
		71CD585C1E87FC7500C852B2 /* Resources */ = {
			isa = PBXResourcesBuildPhase;
			buildActionMask = 2147483647;
			files = (
			);
			runOnlyForDeploymentPostprocessing = 0;
		};
/* End PBXResourcesBuildPhase section */

/* Begin PBXShellScriptBuildPhase section */
		1540A2DFB20CB6D37564329E /* [CP] Embed Pods Frameworks */ = {
			isa = PBXShellScriptBuildPhase;
			buildActionMask = 2147483647;
			files = (
			);
			inputPaths = (
			);
			name = "[CP] Embed Pods Frameworks";
			outputPaths = (
			);
			runOnlyForDeploymentPostprocessing = 0;
			shellPath = /bin/sh;
			shellScript = "\"${SRCROOT}/Pods/Target Support Files/Pods-ChinoTests/Pods-ChinoTests-frameworks.sh\"\n";
			showEnvVarsInLog = 0;
		};
		3681B486A259678AE4C7A795 /* [CP] Check Pods Manifest.lock */ = {
			isa = PBXShellScriptBuildPhase;
			buildActionMask = 2147483647;
			files = (
			);
			inputPaths = (
			);
			name = "[CP] Check Pods Manifest.lock";
			outputPaths = (
			);
			runOnlyForDeploymentPostprocessing = 0;
			shellPath = /bin/sh;
			shellScript = "diff \"${PODS_PODFILE_DIR_PATH}/Podfile.lock\" \"${PODS_ROOT}/Manifest.lock\" > /dev/null\nif [ $? != 0 ] ; then\n    # print error to STDERR\n    echo \"error: The sandbox is not in sync with the Podfile.lock. Run 'pod install' or update your CocoaPods installation.\" >&2\n    exit 1\nfi\n";
			showEnvVarsInLog = 0;
		};
		395A2F9A4284BB646DF3EF12 /* [CP] Embed Pods Frameworks */ = {
			isa = PBXShellScriptBuildPhase;
			buildActionMask = 2147483647;
			files = (
			);
			inputPaths = (
			);
			name = "[CP] Embed Pods Frameworks";
			outputPaths = (
			);
			runOnlyForDeploymentPostprocessing = 0;
			shellPath = /bin/sh;
			shellScript = "\"${SRCROOT}/Pods/Target Support Files/Pods-Chino/Pods-Chino-frameworks.sh\"\n";
			showEnvVarsInLog = 0;
		};
		4857700F7DFFC666498AE5A1 /* [CP] Copy Pods Resources */ = {
			isa = PBXShellScriptBuildPhase;
			buildActionMask = 2147483647;
			files = (
			);
			inputPaths = (
			);
			name = "[CP] Copy Pods Resources";
			outputPaths = (
			);
			runOnlyForDeploymentPostprocessing = 0;
			shellPath = /bin/sh;
			shellScript = "\"${SRCROOT}/Pods/Target Support Files/Pods-Chino/Pods-Chino-resources.sh\"\n";
			showEnvVarsInLog = 0;
		};
		691C74158A08443DD0EBFE4C /* [CP] Copy Pods Resources */ = {
			isa = PBXShellScriptBuildPhase;
			buildActionMask = 2147483647;
			files = (
			);
			inputPaths = (
			);
			name = "[CP] Copy Pods Resources";
			outputPaths = (
			);
			runOnlyForDeploymentPostprocessing = 0;
			shellPath = /bin/sh;
			shellScript = "\"${SRCROOT}/Pods/Target Support Files/Pods-ChinoTests/Pods-ChinoTests-resources.sh\"\n";
			showEnvVarsInLog = 0;
		};
		69238048344A8FB85A4C9CFD /* [CP] Embed Pods Frameworks */ = {
			isa = PBXShellScriptBuildPhase;
			buildActionMask = 2147483647;
			files = (
			);
			inputPaths = (
			);
			name = "[CP] Embed Pods Frameworks";
			outputPaths = (
			);
			runOnlyForDeploymentPostprocessing = 0;
			shellPath = /bin/sh;
			shellScript = "\"${SRCROOT}/Pods/Target Support Files/Pods-ChinoUITests/Pods-ChinoUITests-frameworks.sh\"\n";
			showEnvVarsInLog = 0;
		};
		94F6C3B561EE2090D0C0E572 /* [CP] Check Pods Manifest.lock */ = {
			isa = PBXShellScriptBuildPhase;
			buildActionMask = 2147483647;
			files = (
			);
			inputPaths = (
			);
			name = "[CP] Check Pods Manifest.lock";
			outputPaths = (
			);
			runOnlyForDeploymentPostprocessing = 0;
			shellPath = /bin/sh;
			shellScript = "diff \"${PODS_PODFILE_DIR_PATH}/Podfile.lock\" \"${PODS_ROOT}/Manifest.lock\" > /dev/null\nif [ $? != 0 ] ; then\n    # print error to STDERR\n    echo \"error: The sandbox is not in sync with the Podfile.lock. Run 'pod install' or update your CocoaPods installation.\" >&2\n    exit 1\nfi\n";
			showEnvVarsInLog = 0;
		};
		F7B97CD667170E97A5654C7A /* [CP] Copy Pods Resources */ = {
			isa = PBXShellScriptBuildPhase;
			buildActionMask = 2147483647;
			files = (
			);
			inputPaths = (
			);
			name = "[CP] Copy Pods Resources";
			outputPaths = (
			);
			runOnlyForDeploymentPostprocessing = 0;
			shellPath = /bin/sh;
			shellScript = "\"${SRCROOT}/Pods/Target Support Files/Pods-ChinoUITests/Pods-ChinoUITests-resources.sh\"\n";
			showEnvVarsInLog = 0;
		};
		FD7B0A1B4BF0A41BF621D2EF /* [CP] Check Pods Manifest.lock */ = {
			isa = PBXShellScriptBuildPhase;
			buildActionMask = 2147483647;
			files = (
			);
			inputPaths = (
			);
			name = "[CP] Check Pods Manifest.lock";
			outputPaths = (
			);
			runOnlyForDeploymentPostprocessing = 0;
			shellPath = /bin/sh;
			shellScript = "diff \"${PODS_PODFILE_DIR_PATH}/Podfile.lock\" \"${PODS_ROOT}/Manifest.lock\" > /dev/null\nif [ $? != 0 ] ; then\n    # print error to STDERR\n    echo \"error: The sandbox is not in sync with the Podfile.lock. Run 'pod install' or update your CocoaPods installation.\" >&2\n    exit 1\nfi\n";
			showEnvVarsInLog = 0;
		};
/* End PBXShellScriptBuildPhase section */

/* Begin PBXSourcesBuildPhase section */
		71CD58391E87FC7400C852B2 /* Sources */ = {
			isa = PBXSourcesBuildPhase;
			buildActionMask = 2147483647;
			files = (
				0F2A3BDD1E90EFDD00230EA0 /* PinyinTool.swift in Sources */,
				0F2A3BE11E91355600230EA0 /* ChinoHanziModel.swift in Sources */,
				71543B031E88004A00F86550 /* Reporter.swift in Sources */,
				0F54032E1E8D764A00A39879 /* RegisterViewController.swift in Sources */,
				0F2A3BDB1E90E7D000230EA0 /* UploaderViewController.swift in Sources */,
				710127E51E881A1D00FCAE04 /* UIColor+Chino.swift in Sources */,
				71CD58451E87FC7400C852B2 /* WikiViewController.swift in Sources */,
				0F50C0691E8C169F00E3C802 /* ChinoCell.swift in Sources */,
				0F50C06B1E8C17E100E3C802 /* ChinoModel.swift in Sources */,
				71CD58411E87FC7400C852B2 /* AppDelegate.swift in Sources */,
				0F2B4CFB1E918A25002913B4 /* ChinoWebViewController.swift in Sources */,
				0FBFE98F1E8C2B20007CDF6A /* HanziModel.swift in Sources */,
				0F2A3BD71E9095D600230EA0 /* GoogleSignInViewController.swift in Sources */,
				0F869D421E8C348E0080F95B /* HanziCell.swift in Sources */,
				71CD58431E87FC7400C852B2 /* ChinoViewController.swift in Sources */,
			);
			runOnlyForDeploymentPostprocessing = 0;
		};
		71CD584F1E87FC7500C852B2 /* Sources */ = {
			isa = PBXSourcesBuildPhase;
			buildActionMask = 2147483647;
			files = (
				71CD58581E87FC7500C852B2 /* ChinoTests.swift in Sources */,
			);
			runOnlyForDeploymentPostprocessing = 0;
		};
		71CD585A1E87FC7500C852B2 /* Sources */ = {
			isa = PBXSourcesBuildPhase;
			buildActionMask = 2147483647;
			files = (
				71CD58631E87FC7500C852B2 /* ChinoUITests.swift in Sources */,
			);
			runOnlyForDeploymentPostprocessing = 0;
		};
/* End PBXSourcesBuildPhase section */

/* Begin PBXTargetDependency section */
		71CD58551E87FC7500C852B2 /* PBXTargetDependency */ = {
			isa = PBXTargetDependency;
			target = 71CD583C1E87FC7400C852B2 /* Chino */;
			targetProxy = 71CD58541E87FC7500C852B2 /* PBXContainerItemProxy */;
		};
		71CD58601E87FC7500C852B2 /* PBXTargetDependency */ = {
			isa = PBXTargetDependency;
			target = 71CD583C1E87FC7400C852B2 /* Chino */;
			targetProxy = 71CD585F1E87FC7500C852B2 /* PBXContainerItemProxy */;
		};
/* End PBXTargetDependency section */

/* Begin PBXVariantGroup section */
		71236C0A1E880DC400881400 /* Chino.storyboard */ = {
			isa = PBXVariantGroup;
			children = (
				71236C0B1E880DC400881400 /* Base */,
			);
			name = Chino.storyboard;
			sourceTree = "<group>";
		};
		71CD58461E87FC7400C852B2 /* Main.storyboard */ = {
			isa = PBXVariantGroup;
			children = (
				71CD58471E87FC7400C852B2 /* Base */,
			);
			name = Main.storyboard;
			sourceTree = "<group>";
		};
		71CD584B1E87FC7400C852B2 /* LaunchScreen.storyboard */ = {
			isa = PBXVariantGroup;
			children = (
				71CD584C1E87FC7400C852B2 /* Base */,
			);
			name = LaunchScreen.storyboard;
			sourceTree = "<group>";
		};
/* End PBXVariantGroup section */

/* Begin XCBuildConfiguration section */
		71CD58651E87FC7500C852B2 /* Debug */ = {
			isa = XCBuildConfiguration;
			buildSettings = {
				ALWAYS_SEARCH_USER_PATHS = NO;
				CLANG_ANALYZER_NONNULL = YES;
				CLANG_CXX_LANGUAGE_STANDARD = "gnu++0x";
				CLANG_CXX_LIBRARY = "libc++";
				CLANG_ENABLE_MODULES = YES;
				CLANG_ENABLE_OBJC_ARC = YES;
				CLANG_WARN_BOOL_CONVERSION = YES;
				CLANG_WARN_CONSTANT_CONVERSION = YES;
				CLANG_WARN_DIRECT_OBJC_ISA_USAGE = YES_ERROR;
				CLANG_WARN_DOCUMENTATION_COMMENTS = YES;
				CLANG_WARN_EMPTY_BODY = YES;
				CLANG_WARN_ENUM_CONVERSION = YES;
				CLANG_WARN_INFINITE_RECURSION = YES;
				CLANG_WARN_INT_CONVERSION = YES;
				CLANG_WARN_OBJC_ROOT_CLASS = YES_ERROR;
				CLANG_WARN_SUSPICIOUS_MOVE = YES;
				CLANG_WARN_UNREACHABLE_CODE = YES;
				CLANG_WARN__DUPLICATE_METHOD_MATCH = YES;
				"CODE_SIGN_IDENTITY[sdk=iphoneos*]" = "iPhone Developer";
				COPY_PHASE_STRIP = NO;
				DEBUG_INFORMATION_FORMAT = dwarf;
				ENABLE_STRICT_OBJC_MSGSEND = YES;
				ENABLE_TESTABILITY = YES;
				GCC_C_LANGUAGE_STANDARD = gnu99;
				GCC_DYNAMIC_NO_PIC = NO;
				GCC_NO_COMMON_BLOCKS = YES;
				GCC_OPTIMIZATION_LEVEL = 0;
				GCC_PREPROCESSOR_DEFINITIONS = (
					"DEBUG=1",
					"$(inherited)",
				);
				GCC_WARN_64_TO_32_BIT_CONVERSION = YES;
				GCC_WARN_ABOUT_RETURN_TYPE = YES_ERROR;
				GCC_WARN_UNDECLARED_SELECTOR = YES;
				GCC_WARN_UNINITIALIZED_AUTOS = YES_AGGRESSIVE;
				GCC_WARN_UNUSED_FUNCTION = YES;
				GCC_WARN_UNUSED_VARIABLE = YES;
				IPHONEOS_DEPLOYMENT_TARGET = 10.2;
				MTL_ENABLE_DEBUG_INFO = YES;
				ONLY_ACTIVE_ARCH = YES;
				SDKROOT = iphoneos;
				SWIFT_ACTIVE_COMPILATION_CONDITIONS = DEBUG;
				SWIFT_OPTIMIZATION_LEVEL = "-Onone";
				TARGETED_DEVICE_FAMILY = "1,2";
			};
			name = Debug;
		};
		71CD58661E87FC7500C852B2 /* Release */ = {
			isa = XCBuildConfiguration;
			buildSettings = {
				ALWAYS_SEARCH_USER_PATHS = NO;
				CLANG_ANALYZER_NONNULL = YES;
				CLANG_CXX_LANGUAGE_STANDARD = "gnu++0x";
				CLANG_CXX_LIBRARY = "libc++";
				CLANG_ENABLE_MODULES = YES;
				CLANG_ENABLE_OBJC_ARC = YES;
				CLANG_WARN_BOOL_CONVERSION = YES;
				CLANG_WARN_CONSTANT_CONVERSION = YES;
				CLANG_WARN_DIRECT_OBJC_ISA_USAGE = YES_ERROR;
				CLANG_WARN_DOCUMENTATION_COMMENTS = YES;
				CLANG_WARN_EMPTY_BODY = YES;
				CLANG_WARN_ENUM_CONVERSION = YES;
				CLANG_WARN_INFINITE_RECURSION = YES;
				CLANG_WARN_INT_CONVERSION = YES;
				CLANG_WARN_OBJC_ROOT_CLASS = YES_ERROR;
				CLANG_WARN_SUSPICIOUS_MOVE = YES;
				CLANG_WARN_UNREACHABLE_CODE = YES;
				CLANG_WARN__DUPLICATE_METHOD_MATCH = YES;
				"CODE_SIGN_IDENTITY[sdk=iphoneos*]" = "iPhone Developer";
				COPY_PHASE_STRIP = NO;
				DEBUG_INFORMATION_FORMAT = "dwarf-with-dsym";
				ENABLE_NS_ASSERTIONS = NO;
				ENABLE_STRICT_OBJC_MSGSEND = YES;
				GCC_C_LANGUAGE_STANDARD = gnu99;
				GCC_NO_COMMON_BLOCKS = YES;
				GCC_WARN_64_TO_32_BIT_CONVERSION = YES;
				GCC_WARN_ABOUT_RETURN_TYPE = YES_ERROR;
				GCC_WARN_UNDECLARED_SELECTOR = YES;
				GCC_WARN_UNINITIALIZED_AUTOS = YES_AGGRESSIVE;
				GCC_WARN_UNUSED_FUNCTION = YES;
				GCC_WARN_UNUSED_VARIABLE = YES;
				IPHONEOS_DEPLOYMENT_TARGET = 10.2;
				MTL_ENABLE_DEBUG_INFO = NO;
				SDKROOT = iphoneos;
				SWIFT_OPTIMIZATION_LEVEL = "-Owholemodule";
				TARGETED_DEVICE_FAMILY = "1,2";
				VALIDATE_PRODUCT = YES;
			};
			name = Release;
		};
		71CD58681E87FC7500C852B2 /* Debug */ = {
			isa = XCBuildConfiguration;
			baseConfigurationReference = A1F3A9CE66CC8737A7731847 /* Pods-Chino.debug.xcconfig */;
			buildSettings = {
				ASSETCATALOG_COMPILER_APPICON_NAME = AppIcon;
				ASSETCATALOG_COMPILER_LAUNCHIMAGE_NAME = LaunchImage;
				CLANG_ENABLE_MODULES = YES;
				CODE_SIGN_ENTITLEMENTS = Chino/Chino.entitlements;
				"CODE_SIGN_IDENTITY[sdk=iphoneos*]" = "iPhone Developer";
				DEVELOPMENT_TEAM = WNMEW7S4EG;
				EMBEDDED_CONTENT_CONTAINS_SWIFT = YES;
				FRAMEWORK_SEARCH_PATHS = "$(inherited)";
				INFOPLIST_FILE = Chino/Info.plist;
				IPHONEOS_DEPLOYMENT_TARGET = 10.0;
				LD_RUNPATH_SEARCH_PATHS = "$(inherited)";
				LIBRARY_SEARCH_PATHS = "$(inherited)";
				PRODUCT_BUNDLE_IDENTIFIER = "-UHYAUPEDP.com.shiyangyang.newchino";
				PRODUCT_NAME = "$(TARGET_NAME)";
				PROVISIONING_PROFILE = "";
				PROVISIONING_PROFILE_SPECIFIER = "";
				SWIFT_OBJC_BRIDGING_HEADER = "Chino/Chino-Bridging-Header.h";
				SWIFT_OPTIMIZATION_LEVEL = "-Onone";
				SWIFT_VERSION = 3.0;
				SYSTEM_FRAMEWORK_SEARCH_PATHS = "$(inherited)";
				TARGETED_DEVICE_FAMILY = 1;
			};
			name = Debug;
		};
		71CD58691E87FC7500C852B2 /* Release */ = {
			isa = XCBuildConfiguration;
			baseConfigurationReference = DEB04CF356A4F55D43BBBE58 /* Pods-Chino.release.xcconfig */;
			buildSettings = {
				ASSETCATALOG_COMPILER_APPICON_NAME = AppIcon;
				ASSETCATALOG_COMPILER_LAUNCHIMAGE_NAME = LaunchImage;
				CLANG_ENABLE_MODULES = YES;
				CODE_SIGN_ENTITLEMENTS = Chino/Chino.entitlements;
				"CODE_SIGN_IDENTITY[sdk=iphoneos*]" = "iPhone Developer";
				DEVELOPMENT_TEAM = WNMEW7S4EG;
				EMBEDDED_CONTENT_CONTAINS_SWIFT = YES;
				FRAMEWORK_SEARCH_PATHS = "$(inherited)";
				INFOPLIST_FILE = Chino/Info.plist;
				IPHONEOS_DEPLOYMENT_TARGET = 10.0;
				LD_RUNPATH_SEARCH_PATHS = "$(inherited)";
				LIBRARY_SEARCH_PATHS = "$(inherited)";
				PRODUCT_BUNDLE_IDENTIFIER = "-UHYAUPEDP.com.shiyangyang.newchino";
				PRODUCT_NAME = "$(TARGET_NAME)";
				PROVISIONING_PROFILE = "";
				PROVISIONING_PROFILE_SPECIFIER = "";
				SWIFT_OBJC_BRIDGING_HEADER = "Chino/Chino-Bridging-Header.h";
				SWIFT_VERSION = 3.0;
				SYSTEM_FRAMEWORK_SEARCH_PATHS = "$(inherited)";
				TARGETED_DEVICE_FAMILY = 1;
			};
			name = Release;
		};
		71CD586B1E87FC7500C852B2 /* Debug */ = {
			isa = XCBuildConfiguration;
			baseConfigurationReference = A66F318EB262018F50C76E99 /* Pods-ChinoTests.debug.xcconfig */;
			buildSettings = {
				ALWAYS_EMBED_SWIFT_STANDARD_LIBRARIES = YES;
				BUNDLE_LOADER = "$(TEST_HOST)";
				DEVELOPMENT_TEAM = WNMEW7S4EG;
				INFOPLIST_FILE = ChinoTests/Info.plist;
				LD_RUNPATH_SEARCH_PATHS = "$(inherited) @executable_path/Frameworks @loader_path/Frameworks";
				PRODUCT_BUNDLE_IDENTIFIER = come.shiyangyang.ChinoTests;
				PRODUCT_NAME = "$(TARGET_NAME)";
				SWIFT_VERSION = 3.0;
				TEST_HOST = "$(BUILT_PRODUCTS_DIR)/Chino.app/Chino";
			};
			name = Debug;
		};
		71CD586C1E87FC7500C852B2 /* Release */ = {
			isa = XCBuildConfiguration;
			baseConfigurationReference = 974E2DBA0DFEC215F7DC9837 /* Pods-ChinoTests.release.xcconfig */;
			buildSettings = {
				ALWAYS_EMBED_SWIFT_STANDARD_LIBRARIES = YES;
				BUNDLE_LOADER = "$(TEST_HOST)";
				DEVELOPMENT_TEAM = WNMEW7S4EG;
				INFOPLIST_FILE = ChinoTests/Info.plist;
				LD_RUNPATH_SEARCH_PATHS = "$(inherited) @executable_path/Frameworks @loader_path/Frameworks";
				PRODUCT_BUNDLE_IDENTIFIER = come.shiyangyang.ChinoTests;
				PRODUCT_NAME = "$(TARGET_NAME)";
				SWIFT_VERSION = 3.0;
				TEST_HOST = "$(BUILT_PRODUCTS_DIR)/Chino.app/Chino";
			};
			name = Release;
		};
		71CD586E1E87FC7500C852B2 /* Debug */ = {
			isa = XCBuildConfiguration;
			baseConfigurationReference = FAF492A3D8F8562E68FF3D91 /* Pods-ChinoUITests.debug.xcconfig */;
			buildSettings = {
				ALWAYS_EMBED_SWIFT_STANDARD_LIBRARIES = YES;
				DEVELOPMENT_TEAM = WNMEW7S4EG;
				INFOPLIST_FILE = ChinoUITests/Info.plist;
				LD_RUNPATH_SEARCH_PATHS = "$(inherited) @executable_path/Frameworks @loader_path/Frameworks";
				PRODUCT_BUNDLE_IDENTIFIER = come.shiyangyang.ChinoUITests;
				PRODUCT_NAME = "$(TARGET_NAME)";
				SWIFT_VERSION = 3.0;
				TEST_TARGET_NAME = Chino;
			};
			name = Debug;
		};
		71CD586F1E87FC7500C852B2 /* Release */ = {
			isa = XCBuildConfiguration;
			baseConfigurationReference = DCAF5D931FA099F98E780E2B /* Pods-ChinoUITests.release.xcconfig */;
			buildSettings = {
				ALWAYS_EMBED_SWIFT_STANDARD_LIBRARIES = YES;
				DEVELOPMENT_TEAM = WNMEW7S4EG;
				INFOPLIST_FILE = ChinoUITests/Info.plist;
				LD_RUNPATH_SEARCH_PATHS = "$(inherited) @executable_path/Frameworks @loader_path/Frameworks";
				PRODUCT_BUNDLE_IDENTIFIER = come.shiyangyang.ChinoUITests;
				PRODUCT_NAME = "$(TARGET_NAME)";
				SWIFT_VERSION = 3.0;
				TEST_TARGET_NAME = Chino;
			};
			name = Release;
		};
/* End XCBuildConfiguration section */

/* Begin XCConfigurationList section */
		71CD58381E87FC7400C852B2 /* Build configuration list for PBXProject "Chino" */ = {
			isa = XCConfigurationList;
			buildConfigurations = (
				71CD58651E87FC7500C852B2 /* Debug */,
				71CD58661E87FC7500C852B2 /* Release */,
			);
			defaultConfigurationIsVisible = 0;
			defaultConfigurationName = Release;
		};
		71CD58671E87FC7500C852B2 /* Build configuration list for PBXNativeTarget "Chino" */ = {
			isa = XCConfigurationList;
			buildConfigurations = (
				71CD58681E87FC7500C852B2 /* Debug */,
				71CD58691E87FC7500C852B2 /* Release */,
			);
			defaultConfigurationIsVisible = 0;
			defaultConfigurationName = Release;
		};
		71CD586A1E87FC7500C852B2 /* Build configuration list for PBXNativeTarget "ChinoTests" */ = {
			isa = XCConfigurationList;
			buildConfigurations = (
				71CD586B1E87FC7500C852B2 /* Debug */,
				71CD586C1E87FC7500C852B2 /* Release */,
			);
			defaultConfigurationIsVisible = 0;
			defaultConfigurationName = Release;
		};
		71CD586D1E87FC7500C852B2 /* Build configuration list for PBXNativeTarget "ChinoUITests" */ = {
			isa = XCConfigurationList;
			buildConfigurations = (
				71CD586E1E87FC7500C852B2 /* Debug */,
				71CD586F1E87FC7500C852B2 /* Release */,
			);
			defaultConfigurationIsVisible = 0;
			defaultConfigurationName = Release;
		};
/* End XCConfigurationList section */
	};
	rootObject = 71CD58351E87FC7400C852B2 /* Project object */;
}
